github.com/aws/aws-sdk-go-v2 v1.43.5 h1:yKT5GYnFWhuDo+DqKvE5ZPwVn3RjC4MAeBtZGlh6AVM=
github.com/aws/aws-sdk-go-v2 v1.43.5/go.mod h1:wZjAJppCntyOGgVSmgVTfDyRJK5PHOasO6Wsy8U7Axk=
github.com/aws/aws-sdk-go-v2/aws/protocol/eventstream v1.7.17 h1:mn+Vxb9zgz/FE/yDTcFim3DZ1qpcrxR+qBQkBrl6bzA=
github.com/aws/aws-sdk-go-v2/aws/protocol/eventstream v1.7.17/go.mod h1:eDfmEFxu+BSVsUGLbzJhWjpOurv1mqczClS97yI8wdk=
github.com/aws/aws-sdk-go-v2/config v1.32.36 h1:mX6ietU7UlB4w/2IUaexJdsyUDvhTd+jYPjVePiyi6s=
github.com/aws/aws-sdk-go-v2/config v1.32.36/go.mod h1:rMpV4xk7ZK59edraSaHP0jsWrztWTT5tbCwWY495hug=
github.com/aws/aws-sdk-go-v2/credentials v1.19.35 h1:Cxua2RVdRwL0sfjHM/SnQoOnQ7xKng9m5EQBO8BnZlg=
github.com/aws/aws-sdk-go-v2/credentials v1.19.35/go.mod h1:9XQ+RSIGPkycr+oCJYnB1uTv5kMVVR+rd2vYK0Hxj2w=
github.com/aws/aws-sdk-go-v2/feature/ec2/imds v1.18.36 h1:gucL1KH/PAYbpTpBg09CiVpBdTu4qkCl8C7xOTBixUg=
github.com/aws/aws-sdk-go-v2/feature/ec2/imds v1.18.36/go.mod h1:usTB+PHhNMhrx2dxUeHcM7OrT5pySvmjYI++IsefPN0=
github.com/aws/aws-sdk-go-v2/feature/s3/manager v1.17.75 h1:S61/E3N01oral6B3y9hZ2E1iFDqCZPPOBoBQretCnBI=
github.com/aws/aws-sdk-go-v2/feature/s3/manager v1.17.75/go.mod h1:bDMQbkI1vJbNjnvJYpPTSNYBkI/VIv18ngWb/K84tkk=
github.com/aws/aws-sdk-go-v2/internal/configsources v1.4.36 h1:5CrzwxDqf4w3x1Vs3/NiZ0nsC34Hbm3pIDMWbsLebOE=
github.com/aws/aws-sdk-go-v2/internal/configsources v1.4.36/go.mod h1:A3gHdKZIvG/QXERzZwcxNS3RNDFcRCuhhTFBYp+V/nw=
github.com/aws/aws-sdk-go-v2/internal/endpoints/v2 v2.7.36 h1:A4N2f4YPcST0v+dWtX+xrpPPCL9VTBhoIFFUWYqbacE=
github.com/aws/aws-sdk-go-v2/internal/endpoints/v2 v2.7.36/go.mod h1:B/Qr859uxWUEfZeGotK5KAEoof4Q9YWgNtPSwV6jcyk=
github.com/aws/aws-sdk-go-v2/internal/v4a v1.4.37 h1:oyd3ke4V9AhKcRR7rRgxk1VyI+DjK2CBQtbxh3OkdaA=
github.com/aws/aws-sdk-go-v2/internal/v4a v1.4.37/go.mod h1:aA9D7SqfG9IC1b7FLD7Iyc8Q4JN0a8gHhNjN4zPlIaI=
github.com/aws/aws-sdk-go-v2/service/internal/accept-encoding v1.13.16 h1:iE4NGbvqUZnHDqddQAauZzCILYtFjOHwRM5MOOKLB5A=
github.com/aws/aws-sdk-go-v2/service/internal/accept-encoding v1.13.16/go.mod h1:VsjEgrP+ibcou8TlWA4tYaB+0OojuhirsmCe+U60hTA=
github.com/aws/aws-sdk-go-v2/service/internal/checksum v1.9.29 h1:E65Hj648dOV6FuUfI0mYXXhQRHbsi7n+B9h6fZPJO/E=
github.com/aws/aws-sdk-go-v2/service/internal/checksum v1.9.29/go.mod h1:xLrF9yNTCs92VZSpdEd68EJbgcdw3SMR74RO6QDzWHE=
github.com/aws/aws-sdk-go-v2/service/internal/presigned-url v1.13.36 h1:fx2ujmozWn+C/GtfXfz5k6Ckzza40ElOpIW7d92fLWQ=
github.com/aws/aws-sdk-go-v2/service/internal/presigned-url v1.13.36/go.mod h1:QT2ufGVJ+xTRxtXPHTQ1kHkAdWIKPCmD+BqYAXWv8/4=
github.com/aws/aws-sdk-go-v2/service/internal/s3shared v1.19.37 h1:KGHa9iZCrgtkOsFfXb0S4ywsjostA/hau7WE9aSb43E=
github.com/aws/aws-sdk-go-v2/service/internal/s3shared v1.19.37/go.mod h1:FV79f0DSnZIEGsQjWenENGtUycrasyAaJZO+zRanLHA=
github.com/aws/aws-sdk-go-v2/service/s3 v1.107.1 h1:VUTtUJMuRNMkb/7NIKmd8NQaeQLPGCMoTJxkYKre4qM=
github.com/aws/aws-sdk-go-v2/service/s3 v1.107.1/go.mod h1:WvUaO0lP5GNMs1R6cs6qvB3mqo16GLta8yfOuf55Rpc=
github.com/aws/aws-sdk-go-v2/service/signin v1.5.5 h1:0VTFBfOgPJrUSpGMgzoi8qLcXF5dbmiBuxpo14eBWUw=
github.com/aws/aws-sdk-go-v2/service/signin v1.5.5/go.mod h1:sNZYlBxoohYMBYl47BO/bFtAM6I8HSsPa1qwwPPRGoQ=
github.com/aws/aws-sdk-go-v2/service/sso v1.33.5 h1:jDQARFp1mJ2PEnllQf01nfFXGfWMJ59e0/HCHUTTZCk=
github.com/aws/aws-sdk-go-v2/service/sso v1.33.5/go.mod h1:OcT2AhgTuxGAwZk5hgxaNLGpS33W8s8dUQadGVDVY9I=
github.com/aws/aws-sdk-go-v2/service/ssooidc v1.38.5 h1:8xo1q9ttkYqMJ6vOXX67FPSpVEI7BWKVTKh77g82w+8=
github.com/aws/aws-sdk-go-v2/service/ssooidc v1.38.5/go.mod h1:hbBeEUrZg6VddXYZpbKPyF0tl4XEnM+Dbx92RW3vmZI=
github.com/aws/aws-sdk-go-v2/service/sts v1.45.5 h1:eQ5BtXDrPg2wK0AjtVPzeBhUpYPeqHE/ptiH7xJRGek=
github.com/aws/aws-sdk-go-v2/service/sts v1.45.5/go.mod h1:f9ImhnOISY7BuTZLM8qHepCYnglHBVLk5wVzatmP++w=
github.com/aws/smithy-go v1.27.7 h1:Zgj5z4LfcDYoQIVk+n/yGdTkP/2y6ZT5vYxe0fp7bqE=
github.com/aws/smithy-go v1.27.7/go.mod h1:YE2RhdIuDbA5E5bTdciG9KrW3+TiEONeUWCqxX9i1Fc=
github.com/cevatbarisyilmaz/ara v0.0.4 h1:SGH10hXpBJhhTlObuZzTuFn1rrdmjQImITXnZVPSodc=
github.com/cevatbarisyilmaz/ara v0.0.4/go.mod h1:BfFOxnUd6Mj6xmcvRxHN3Sr21Z1T3U2MYkYOmoQe4Ts=
github.com/cpuguy83/go-md2man/v2 v2.0.6/go.mod h1:oOW0eioCTA6cOiMLiUPZOpcVxMig6NIQQ7OS05n1F4g=
github.com/davecgh/go-spew v1.1.0 h1:ZDRjVQ15GmhC3fiQ8ni8+OwkZQO4DARzQgrnXU1Liz8=
github.com/davecgh/go-spew v1.1.0/go.mod h1:J7Y8YcW2NihsgmVo/mv3lAwl/skON4iLHjSsI+c5H38=
github.com/felixge/httpsnoop v1.0.3 h1:s/nj+GCswXYzN5v2DpNMuMQYe+0DDwt5WVCU6CWBdXk=
github.com/felixge/httpsnoop v1.0.3/go.mod h1:m8KPJKqk1gH5J9DgRY2ASl2lWCfGKXixSwevea8zH2U=
github.com/golang/groupcache v0.0.0-20241129210726-2c02b8208cf8 h1:f+oWsMOmNPc8JmEHVZIycC7hBoQxHH9pNKQORJNozsQ=
github.com/golang/groupcache v0.0.0-20241129210726-2c02b8208cf8/go.mod h1:wcDNUvekVysuuOpQKo3191zZyTpiI6se1N1ULghS0sw=
github.com/gorilla/handlers v1.5.2 h1:cLTUSsNkgcwhgRqvCNmdbRWG0A3N4F+M2nWKdScwyEE=
github.com/gorilla/handlers v1.5.2/go.mod h1:dX+xVpaxdSw+q0Qek8SSsl3dfMk3jNddUkMzo0GtH0w=
github.com/gorilla/mux v1.8.1 h1:TuBL49tXwgrFYWhqrNgrUNEY92u81SPhu7sTdzQEiWY=
github.com/gorilla/mux v1.8.1/go.mod h1:AKf9I4AEqPTmMytcMc0KkNouC66V3BtZ4qD5fmWSiMQ=
github.com/inconshreveable/mousetrap v1.1.0 h1:wN+x4NVGpMsO7ErUn/mUI3vEoE6Jt13X2s0bqwp9tc8=
github.com/inconshreveable/mousetrap v1.1.0/go.mod h1:vpF70FUmC8bwa3OWnCshd2FqLfsEA9PFc4w1p2J65bw=
github.com/johannesboyne/gofakes3 v1.2.0 h1:I9VEzPWvvAUAGzDlhYFoZjF0AXMlkcEyZlmBwiI6Oms=
github.com/johannesboyne/gofakes3 v1.2.0/go.mod h1:UHhRZRod9rENGFrUWTYnQHZqlNgSmjOq8DaD/ATQYRM=
github.com/klauspost/cpuid/v2 v2.0.12 h1:p9dKCg8i4gmOxtv35DvrYoWqYzQrvEVdjQ762Y0OqZE=
github.com/klauspost/cpuid/v2 v2.0.12/go.mod h1:g2LTdtYhdyuGPqyWyv7qRAmj1WBqxuObKfj5c0PQa7c=
github.com/pierrec/lz4/v4 v4.1.26 h1:GrpZw1gZttORinvzBdXPUXATeqlJjqUG/D87TKMnhjY=
github.com/pierrec/lz4/v4 v4.1.26/go.mod h1:EoQMVJgeeEOMsCqCzqFm2O0cJvljX2nGZjcRIPL34O4=
github.com/pmezard/go-difflib v1.0.0 h1:4DBwDE0NGyQoBHbLQYPwSUPoCMWR5BEzIk/f1lZbAQM=
github.com/pmezard/go-difflib v1.0.0/go.mod h1:iKH77koFhYxTK1pcRnkKkqfTogsbg7gZNVY4sRDYZ/4=
github.com/russross/blackfriday/v2 v2.1.0/go.mod h1:+Rmxgy9KzJVeS9/2gXHxylqXiyQDYRxCVz55jmeOWTM=
github.com/ryszard/goskiplist v0.0.0-20150312221310-2dfbae5fcf46 h1:GHRpF1pTW19a8tTFrMLUcfWwyC0pnifVo2ClaLq+hP8=
github.com/ryszard/goskiplist v0.0.0-20150312221310-2dfbae5fcf46/go.mod h1:uAQ5PCi+MFsC7HjREoAz1BU+Mq60+05gifQSsHSDG/8=
github.com/spf13/afero v1.2.1 h1:qgMbHoJbPbw579P+1zVY+6n4nIFuIchaIjzZ/I/Yq8M=
github.com/spf13/afero v1.2.1/go.mod h1:9ZxEEn6pIJ8Rxe320qSDBk6AsU0r9pR7Q4OcevTdifk=
github.com/spf13/cobra v1.10.2 h1:DMTTonx5m65Ic0GOoRY2c16WCbHxOOw6xxezuLaBpcU=
github.com/spf13/cobra v1.10.2/go.mod h1:7C1pvHqHw5A4vrJfjNwvOdzYu0Gml16OCs2GRiTUUS4=
github.com/spf13/pflag v1.0.9/go.mod h1:McXfInJRrz4CZXVZOBLb0bTZqETkiAhM9Iw0y3An2Bg=
github.com/spf13/pflag v1.0.10 h1:4EBh2KAYBwaONj6b2Ye1GiHfwjqyROoF4RwYO+vPwFk=
github.com/spf13/pflag v1.0.10/go.mod h1:McXfInJRrz4CZXVZOBLb0bTZqETkiAhM9Iw0y3An2Bg=
github.com/stretchr/testify v1.5.1 h1:nOGnQDM7FYENwehXlg/kFVnos3rEvtKTjRvOWSzb6H4=
github.com/stretchr/testify v1.5.1/go.mod h1:5W2xD1RspED5o8YsWQXVCued0rvSQ+mT+I5cxcmMvtA=
github.com/wzshiming/httpseek v0.6.1 h1:nmrpxl7SNtj8KmmZ8XRMCnKVfOvj1yNAGXNYtPfeRoA=
github.com/wzshiming/httpseek v0.6.1/go.mod h1:YoZhlLIwNjTBDXIT8NpK5zRjOgZouRXPaBfjVXdqMMs=
github.com/zeebo/assert v1.1.0 h1:hU1L1vLTHsnO8x8c9KAR5GmM5QscxHg5RNU5z5qbUWY=
github.com/zeebo/assert v1.1.0/go.mod h1:Pq9JiuJQpG8JLJdtkwrJESF0Foym2/D9XMU5ciN/wJ0=
github.com/zeebo/blake3 v0.2.4 h1:KYQPkhpRtcqh0ssGYcKLG1JYvddkEA8QwCM/yBqhaZI=
github.com/zeebo/blake3 v0.2.4/go.mod h1:7eeQ6d2iXWRGF6npfaxl2CU+xy2Fjo2gxeyZGCRUjcE=
github.com/zeebo/pcg v1.0.1 h1:lyqfGeWiv4ahac6ttHs+I5hwtH/+1mrhlCtVNQM2kHo=
github.com/zeebo/pcg v1.0.1/go.mod h1:09F0S9iiKrwn9rlI5yjLkmrug154/YRW6KnnXVDM/l4=
go.etcd.io/bbolt v1.3.5 h1:XAzx9gjCb0Rxj7EoqcClPD1d5ZBxZJk0jbuoPHenBt0=
go.etcd.io/bbolt v1.3.5/go.mod h1:G5EMThwa9y8QZGBClrRx5EY+Yw9kAhnjy3bSjsnlVTQ=
go.shabbyrobe.org/gocovmerge v0.0.0-20230507111327-fa4f82cfbf4d h1:Ns9kd1Rwzw7t0BR8XMphenji4SmIoNZPn8zhYmaVKP8=
go.shabbyrobe.org/gocovmerge v0.0.0-20230507111327-fa4f82cfbf4d/go.mod h1:92Uoe3l++MlthCm+koNi0tcUCX3anayogF0Pa/sp24k=
go.yaml.in/yaml/v3 v3.0.4/go.mod h1:DhzuOOF2ATzADvBadXxruRBLzYTpT36CKvDb3+aBEFg=
golang.org/x/sync v0.22.0 h1:SZjpbeLmrCk4xhRSZFNZW5gFUeCeFgjekvI/+gfScek=
golang.org/x/sync v0.22.0/go.mod h1:9xrNwdLfx4jkKbNva9FpL6vEN7evnE43NNNJQ2LF3+0=
golang.org/x/sys v0.47.0 h1:o7XGOvZQCADBQQ4Y7VNq2dRWQR7JmOUW8Kxx4ZsNgWs=
golang.org/x/sys v0.47.0/go.mod h1:4GL1E5IUh+htKOUEOaiffhrAeqysfVGipDYzABqnCmw=
golang.org/x/text v0.9.0 h1:2sjJmO8cDvYveuX97RDLsxlyUxLl+GHoLxBiRdHllBE=
golang.org/x/text v0.9.0/go.mod h1:e1OnstbJyHTd6l/uOt8jFFHp6TRDWZR/bV3emEE/zU8=
golang.org/x/tools v0.8.0 h1:vSDcovVPld282ceKgDimkRSC8kpaH1dgyc9UMzlt84Y=
golang.org/x/tools v0.8.0/go.mod h1:JxBZ99ISMI5ViVkT1tr6tdNmXeTrcpVSD3vZ1RsRdN4=
gopkg.in/check.v1 v0.0.0-20161208181325-20d25e280405/go.mod h1:Co6ibVJAznAaIkqp8huTwlJQCZ016jof/cbN4VW5Yz0=
gopkg.in/mgo.v2 v2.0.0-20180705113604-9856a29383ce h1:xcEWjVhvbDy+nHP67nPDDpbYrY+ILlfndk4bRioVHaU=
gopkg.in/mgo.v2 v2.0.0-20180705113604-9856a29383ce/go.mod h1:yeKp02qBN3iKW1OzL3MGk2IdtZzaj7SFntXj72NppTA=
gopkg.in/yaml.v2 v2.2.8 h1:obN1ZagJSUGI0Ek/LBmuj4SNLPfIny3KsKFopxRdj10=
gopkg.in/yaml.v2 v2.2.8/go.mod h1:hI93XBmqTisBFMUTm0b8Fm+jr3Dg1NNxqwp+5A1VGuI=
